PODS:
  - JGProgressHUD (2.0.1)
  - MobilePlayer (1.2.0)
  - SDWebImage (4.2.2):
    - SDWebImage/Core (= 4.2.2)
  - SDWebImage/Core (4.2.2)
  - SVProgressHUD (2.2.5)
  - SwiftyJSON (3.1.4)

DEPENDENCIES:
  - JGProgressHUD
  - MobilePlayer
  - SDWebImage
  - SVProgressHUD
  - SwiftyJSON (= 3.1.4)

SPEC REPOS:
  https://github.com/cocoapods/specs.git:
    - JGProgressHUD
    - MobilePlayer
    - SDWebImage
    - SVProgressHUD
    - SwiftyJSON

SPEC CHECKSUMS:
  JGProgressHUD: 63ad7d8850702a91625fb9ed8e94eab706c03d81
  MobilePlayer: 069b13482499f14c25b6ce53f63a91e17975b073
  SDWebImage: 89a9d32cd520bbb46eb14e541d5109b3564af198
  SVProgressHUD: 1428aafac632c1f86f62aa4243ec12008d7a51d6
  SwiftyJSON: c2842d878f95482ffceec5709abc3d05680c0220

PODFILE CHECKSUM: a86bc280824ebc23ed18eac5b371de87839edf96

COCOAPODS: 1.6.0.beta.2
